{
  "name": "dsh-desktop",
  "version": "0.2.1",
  "lockfileVersion": 3,
  "requires": true,
  "packages": {
    "": {
      "name": "dsh-desktop",
      "version": "0.2.1",
      "dependencies": {
        "react": "^18.2.0",
        "react-dom": "^18.2.0",
        "react-markdown": "^9.0.1",
        "remark-gfm": "^4.0.0"
      },
      "devDependencies": {
        "electron": "^33.2.0",
        "electron-builder": "^25.1.0",
        "typescript": "^6.0.3"
      }
    },
    "../../node_modules/.pnpm/@standard-schema+spec@1.1.0/node_modules/@standard-schema/spec": {
      "version": "1.1.0",
      "extraneous": true,
      "license": "MIT",
      "devDependencies": {
        "tsup": "^8.3.0",
        "typescript": "^5.6.2"
      }
    },
    "../../node_modules/.pnpm/@types+node@22.20.0/node_modules/@types/node": {
      "version": "22.20.0",
      "extraneous": true,
      "license": "MIT",
      "dependencies": {
        "undici-types": "~6.21.0"
      }
    },
    "../../node_modules/.pnpm/@types+react-dom@18.3.7_@types+react@18.3.31/node_modules/@types/react-dom": {
      "version": "18.3.7",
      "extraneous": true,
      "license": "MIT",
      "peerDependencies": {
        "@types/react": "^18.0.0"
      }
    },
    "../../node_modules/.pnpm/@types+react@18.3.31/node_modules/@types/react": {
      "version": "18.3.31",
      "extraneous": true,
      "license": "MIT",
      "dependencies": {
        "@types/prop-types": "*",
        "csstype": "^3.2.2"
      }
    },
    "../../node_modules/.pnpm/@vitejs+plugin-react@4.7.0__5f6d1ae6b9cc3aa5082bf3b85522b0be/node_modules/@vitejs/plugin-react": {
      "version": "4.7.0",
      "extraneous": true,
      "license": "MIT",
      "dependencies": {
        "@babel/core": "^7.28.0",
        "@babel/plugin-transform-react-jsx-self": "^7.27.1",
        "@babel/plugin-transform-react-jsx-source": "^7.27.1",
        "@rolldown/pluginutils": "1.0.0-beta.27",
        "@types/babel__core": "^7.20.5",
        "react-refresh": "^0.17.0"
      },
      "devDependencies": {
        "@vitejs/react-common": "workspace:*",
        "babel-plugin-react-compiler": "19.1.0-rc.2",
        "react": "^19.1.0",
        "react-dom": "^19.1.0",
        "rolldown": "1.0.0-beta.27",
        "tsdown": "^0.12.9",
        "vitest": "^3.2.4"
      },
      "engines": {
        "node": "^14.18.0 || >=16.0.0"
      },
      "peerDependencies": {
        "vite": "^4.2.0 || ^5.0.0 || ^6.0.0 || ^7.0.0"
      }
    },
    "../../node_modules/.pnpm/chokidar@4.0.3/node_modules/chokidar": {
      "version": "4.0.3",
      "extraneous": true,
      "license": "MIT",
      "dependencies": {
        "readdirp": "^4.0.1"
      },
      "devDependencies": {
        "@paulmillr/jsbt": "0.2.1",
        "@types/node": "20.14.8",
        "chai": "4.3.4",
        "prettier": "3.1.1",
        "rimraf": "5.0.5",
        "sinon": "12.0.1",
        "sinon-chai": "3.7.0",
        "typescript": "5.5.2",
        "upath": "2.0.1"
      },
      "engines": {
        "node": ">= 14.16.0"
      },
      "funding": {
        "url": "https://paulmillr.com/funding/"
      }
    },
    "../../node_modules/.pnpm/electron-builder@25.1.0_ele_118d6bf811259133b65dacdd7a1bbff3/node_modules/electron-builder": {
      "version": "25.1.0",
      "dev": true,
      "license": "MIT",
      "dependencies": {
        "app-builder-lib": "^25",
        "builder-util": "^25",
        "builder-util-runtime": "^9",
        "chalk": "^4.1.2",
        "dmg-builder": "^25",
        "fs-extra": "^10.1.0",
        "is-ci": "^3.0.0",
        "lazy-val": "^1.0.5",
        "simple-update-notifier": "2.0.0",
        "yargs": "^17.6.2"
      },
      "bin": {
        "electron-builder": "cli.js",
        "install-app-deps": "install-app-deps.js"
      },
      "devDependencies": {
        "@types/fs-extra": "9.0.13",
        "@types/is-ci": "3.0.0",
        "@types/yargs": "^17.0.16"
      },
      "engines": {
        "node": ">=14.0.0"
      }
    },
    "../../node_modules/.pnpm/electron@33.2.0/node_modules/electron": {
      "version": "33.2.0",
      "dev": true,
      "hasInstallScript": true,
      "license": "MIT",
      "dependencies": {
        "@electron/get": "^2.0.0",
        "@types/node": "^20.9.0",
        "extract-zip": "^2.0.1"
      },
      "bin": {
        "electron": "cli.js"
      },
      "engines": {
        "node": ">= 12.20.55"
      }
    },
    "../../node_modules/.pnpm/js-yaml@4.2.0/node_modules/js-yaml": {
      "version": "4.2.0",
      "extraneous": true,
      "funding": [
        {
          "type": "github",
          "url": "https://github.com/sponsors/puzrin"
        },
        {
          "type": "github",
          "url": "https://github.com/sponsors/nodeca"
        }
      ],
      "license": "MIT",
      "dependencies": {
        "argparse": "^2.0.1"
      },
      "bin": {
        "js-yaml": "bin/js-yaml.js"
      },
      "devDependencies": {
        "c8": "^11.0.0",
        "codemirror": "^5.65.21",
        "eslint": "^9.39.4",
        "fast-check": "^4.8.0",
        "gh-pages": "^6.3.0",
        "neostandard": "^0.13.0",
        "tinybench": "^6.0.2",
        "vite": "^8.0.14",
        "vite-plugin-node-polyfills": "^0.28.0",
        "vite-plugin-singlefile": "^2.3.3",
        "workerpool": "^10.0.2"
      }
    },
    "../../node_modules/.pnpm/koffi@3.1.1/node_modules/koffi": {
      "version": "3.1.1",
      "extraneous": true,
      "hasInstallScript": true,
      "license": "MIT",
      "funding": {
        "url": "https://liberapay.com/Koromix"
      },
      "optionalDependencies": {
        "@koromix/koffi-darwin-arm64": "3.1.1",
        "@koromix/koffi-darwin-x64": "3.1.1",
        "@koromix/koffi-freebsd-arm64": "3.1.1",
        "@koromix/koffi-freebsd-ia32": "3.1.1",
        "@koromix/koffi-freebsd-x64": "3.1.1",
        "@koromix/koffi-linux-arm64": "3.1.1",
        "@koromix/koffi-linux-ia32": "3.1.1",
        "@koromix/koffi-linux-loong64": "3.1.1",
        "@koromix/koffi-linux-riscv64": "3.1.1",
        "@koromix/koffi-linux-x64": "3.1.1",
        "@koromix/koffi-openbsd-ia32": "3.1.1",
        "@koromix/koffi-openbsd-x64": "3.1.1",
        "@koromix/koffi-win32-arm64": "3.1.1",
        "@koromix/koffi-win32-ia32": "3.1.1",
        "@koromix/koffi-win32-x64": "3.1.1"
      }
    },
    "../../node_modules/.pnpm/node-addon-require-builtin@0.1.4/node_modules/node-addon-require-builtin": {
      "version": "0.1.4",
      "extraneous": true,
      "license": "MIT",
      "dependencies": {
        "node-addon-native-custom-loader": "0.1.4"
      },
      "engines": {
        "node": ">=20"
      },
      "optionalDependencies": {
        "node-addon-require-builtin-darwin-arm64": "0.1.4",
        "node-addon-require-builtin-darwin-x64": "0.1.4",
        "node-addon-require-builtin-linux-arm64-gnu": "0.1.4",
        "node-addon-require-builtin-linux-x64-gnu": "0.1.4",
        "node-addon-require-builtin-win32-arm64-msvc": "0.1.4",
        "node-addon-require-builtin-win32-ia32-msvc": "0.1.4",
        "node-addon-require-builtin-win32-x64-msvc": "0.1.4"
      }
    },
    "../../node_modules/.pnpm/react-dom@18.3.1_react@18.3.1/node_modules/react-dom": {
      "version": "18.3.1",
      "license": "MIT",
      "dependencies": {
        "loose-envify": "^1.1.0",
        "scheduler": "^0.23.2"
      },
      "peerDependencies": {
        "react": "^18.3.1"
      }
    },
    "../../node_modules/.pnpm/react-markdown@9.1.0_@types+react@18.3.31_react@18.3.1/node_modules/react-markdown": {
      "version": "9.1.0",
      "license": "MIT",
      "dependencies": {
        "@types/hast": "^3.0.0",
        "@types/mdast": "^4.0.0",
        "devlop": "^1.0.0",
        "hast-util-to-jsx-runtime": "^2.0.0",
        "html-url-attributes": "^3.0.0",
        "mdast-util-to-hast": "^13.0.0",
        "remark-parse": "^11.0.0",
        "remark-rehype": "^11.0.0",
        "unified": "^11.0.0",
        "unist-util-visit": "^5.0.0",
        "vfile": "^6.0.0"
      },
      "devDependencies": {
        "@types/node": "^22.0.0",
        "@types/react": "^19.0.0",
        "@types/react-dom": "^19.0.0",
        "c8": "^10.0.0",
        "concat-stream": "^2.0.0",
        "esbuild": "^0.25.0",
        "eslint-plugin-react": "^7.0.0",
        "prettier": "^3.0.0",
        "react": "^19.0.0",
        "react-dom": "^19.0.0",
        "rehype-raw": "^7.0.0",
        "rehype-starry-night": "^2.0.0",
        "remark-cli": "^12.0.0",
        "remark-gfm": "^4.0.0",
        "remark-preset-wooorm": "^11.0.0",
        "remark-toc": "^9.0.0",
        "type-coverage": "^2.0.0",
        "typescript": "^5.0.0",
        "xo": "^0.60.0"
      },
      "funding": {
        "type": "opencollective",
        "url": "https://opencollective.com/unified"
      },
      "peerDependencies": {
        "@types/react": ">=18",
        "react": ">=18"
      }
    },
    "../../node_modules/.pnpm/react@18.3.1/node_modules/react": {
      "version": "18.3.1",
      "license": "MIT",
      "dependencies": {
        "loose-envify": "^1.1.0"
      },
      "engines": {
        "node": ">=0.10.0"
      }
    },
    "../../node_modules/.pnpm/remark-gfm@4.0.1/node_modules/remark-gfm": {
      "version": "4.0.1",
      "license": "MIT",
      "dependencies": {
        "@types/mdast": "^4.0.0",
        "mdast-util-gfm": "^3.0.0",
        "micromark-extension-gfm": "^3.0.0",
        "remark-parse": "^11.0.0",
        "remark-stringify": "^11.0.0",
        "unified": "^11.0.0"
      },
      "devDependencies": {
        "@types/node": "^22.0.0",
        "c8": "^10.0.0",
        "is-hidden": "^2.0.0",
        "prettier": "^3.0.0",
        "remark": "^15.0.0",
        "remark-cli": "^12.0.0",
        "remark-preset-wooorm": "^11.0.0",
        "string-width": "^6.0.0",
        "to-vfile": "^8.0.0",
        "type-coverage": "^2.0.0",
        "typescript": "^5.0.0",
        "xo": "^0.60.0"
      },
      "funding": {
        "type": "opencollective",
        "url": "https://opencollective.com/unified"
      }
    },
    "../../node_modules/.pnpm/typescript@6.0.3/node_modules/typescript": {
      "version": "6.0.3",
      "dev": true,
      "license": "Apache-2.0",
      "bin": {
        "tsc": "bin/tsc",
        "tsserver": "bin/tsserver"
      },
      "devDependencies": {
        "@dprint/formatter": "^0.4.1",
        "@dprint/typescript": "0.93.4",
        "@esfx/canceltoken": "^1.0.0",
        "@eslint/js": "^10.0.1",
        "@octokit/rest": "^22.0.1",
        "@types/chai": "^4.3.20",
        "@types/minimist": "^1.2.5",
        "@types/mocha": "^10.0.10",
        "@types/ms": "^2.1.0",
        "@types/node": "latest",
        "@types/source-map-support": "^0.5.10",
        "@types/which": "^3.0.4",
        "@typescript-eslint/rule-tester": "^8.56.1",
        "@typescript-eslint/type-utils": "^8.56.1",
        "@typescript-eslint/utils": "^8.56.1",
        "azure-devops-node-api": "^15.1.3",
        "c8": "^10.1.3",
        "chai": "^4.5.0",
        "chokidar": "^4.0.3",
        "diff": "^8.0.3",
        "dprint": "^0.49.1",
        "esbuild": "^0.27.3",
        "eslint": "^10.0.2",
        "eslint-plugin-regexp": "^3.0.0",
        "fast-xml-parser": "^5.4.1",
        "glob": "^10.5.0",
        "globals": "^17.4.0",
        "hereby": "^1.12.0",
        "jsonc-parser": "^3.3.1",
        "knip": "^5.85.0",
        "minimist": "^1.2.8",
        "mocha": "^10.8.2",
        "mocha-fivemat-progress-reporter": "^0.1.0",
        "monocart-coverage-reports": "^2.12.9",
        "ms": "^2.1.3",
        "picocolors": "^1.1.1",
        "playwright": "^1.58.2",
        "source-map-support": "^0.5.21",
        "tslib": "^2.8.1",
        "typescript": "^5.9.3",
        "typescript-eslint": "^8.56.1",
        "which": "^3.0.1"
      },
      "engines": {
        "node": ">=14.17"
      }
    },
    "../../node_modules/.pnpm/vite@6.4.3_@types+node@22.2_4bec7c36be5fc002d232016bc9d16165/node_modules/vite": {
      "version": "6.4.3",
      "extraneous": true,
      "license": "MIT",
      "dependencies": {
        "esbuild": "^0.25.0",
        "fdir": "^6.4.4",
        "picomatch": "^4.0.2",
        "postcss": "^8.5.3",
        "rollup": "^4.34.9",
        "tinyglobby": "^0.2.13"
      },
      "bin": {
        "vite": "bin/vite.js"
      },
      "devDependencies": {
        "@ampproject/remapping": "^2.3.0",
        "@babel/parser": "^7.27.0",
        "@jridgewell/trace-mapping": "^0.3.25",
        "@polka/compression": "^1.0.0-next.25",
        "@rollup/plugin-alias": "^5.1.1",
        "@rollup/plugin-commonjs": "^28.0.3",
        "@rollup/plugin-dynamic-import-vars": "2.1.4",
        "@rollup/plugin-json": "^6.1.0",
        "@rollup/plugin-node-resolve": "16.0.1",
        "@rollup/pluginutils": "^5.1.4",
        "@types/escape-html": "^1.0.4",
        "@types/pnpapi": "^0.0.5",
        "artichokie": "^0.3.1",
        "cac": "^6.7.14",
        "chokidar": "^3.6.0",
        "connect": "^3.7.0",
        "convert-source-map": "^2.0.0",
        "cors": "^2.8.5",
        "cross-spawn": "^7.0.6",
        "debug": "^4.4.0",
        "dep-types": "link:./src/types",
        "dotenv": "^16.5.0",
        "dotenv-expand": "^12.0.2",
        "es-module-lexer": "^1.6.0",
        "escape-html": "^1.0.3",
        "estree-walker": "^3.0.3",
        "etag": "^1.8.1",
        "http-proxy": "^1.18.1",
        "launch-editor-middleware": "^2.14.1",
        "lightningcss": "^1.29.3",
        "magic-string": "^0.30.17",
        "mlly": "^1.7.4",
        "mrmime": "^2.0.1",
        "nanoid": "^5.1.5",
        "open": "^10.1.1",
        "parse5": "^7.2.1",
        "pathe": "^2.0.3",
        "periscopic": "^4.0.2",
        "picocolors": "^1.1.1",
        "postcss-import": "^16.1.0",
        "postcss-load-config": "^6.0.1",
        "postcss-modules": "^6.0.1",
        "resolve.exports": "^2.0.3",
        "rollup-plugin-dts": "^6.2.1",
        "rollup-plugin-esbuild": "^6.2.1",
        "rollup-plugin-license": "^3.6.0",
        "sass": "^1.86.3",
        "sass-embedded": "^1.86.3",
        "sirv": "^3.0.2",
        "source-map-support": "^0.5.21",
        "strip-literal": "^3.0.0",
        "terser": "^5.39.0",
        "tsconfck": "^3.1.5",
        "tslib": "^2.8.1",
        "types": "link:./types",
        "ufo": "^1.6.1",
        "ws": "^8.18.1"
      },
      "engines": {
        "node": "^18.0.0 || ^20.0.0 || >=22.0.0"
      },
      "funding": {
        "url": "https://github.com/vitejs/vite?sponsor=1"
      },
      "optionalDependencies": {
        "fsevents": "~2.3.3"
      },
      "peerDependencies": {
        "@types/node": "^18.0.0 || ^20.0.0 || >=22.0.0",
        "jiti": ">=1.21.0",
        "less": "*",
        "lightningcss": "^1.21.0",
        "sass": "*",
        "sass-embedded": "*",
        "stylus": "*",
        "sugarss": "*",
        "terser": "^5.16.0",
        "tsx": "^4.8.1",
        "yaml": "^2.4.2"
      },
      "peerDependenciesMeta": {
        "@types/node": {
          "optional": true
        },
        "jiti": {
          "optional": true
        },
        "less": {
          "optional": true
        },
        "lightningcss": {
          "optional": true
        },
        "sass": {
          "optional": true
        },
        "sass-embedded": {
          "optional": true
        },
        "stylus": {
          "optional": true
        },
        "sugarss": {
          "optional": true
        },
        "terser": {
          "optional": true
        },
        "tsx": {
          "optional": true
        },
        "yaml": {
          "optional": true
        }
      }
    },
    "../../node_modules/.pnpm/yaml@2.9.0/node_modules/yaml": {
      "version": "2.9.0",
      "extraneous": true,
      "license": "ISC",
      "bin": {
        "yaml": "bin.mjs"
      },
      "devDependencies": {
        "@babel/core": "^7.12.10",
        "@babel/plugin-transform-typescript": "^7.12.17",
        "@babel/preset-env": "^7.12.11",
        "@eslint/js": "^9.9.1",
        "@rollup/plugin-babel": "^6.0.3",
        "@rollup/plugin-replace": "^6.0.3",
        "@rollup/plugin-typescript": "^12.1.1",
        "@types/jest": "^29.2.4",
        "@types/node": "^20.11.20",
        "babel-jest": "^29.0.1",
        "eslint": "^9.9.1",
        "eslint-config-prettier": "^10.1.8",
        "fast-check": "^2.12.0",
        "jest": "^29.0.1",
        "jest-resolve": "^29.7.0",
        "jest-ts-webcompat-resolver": "^1.0.0",
        "prettier": "^3.0.2",
        "rollup": "^4.12.0",
        "tslib": "^2.8.1",
        "typescript": "^5.7.2",
        "typescript-eslint": "^8.4.0"
      },
      "engines": {
        "node": ">= 14.6"
      },
      "funding": {
        "url": "https://github.com/sponsors/eemeli"
      }
    },
    "../../node_modules/.pnpm/zod@4.4.3/node_modules/zod": {
      "version": "4.4.3",
      "extraneous": true,
      "license": "MIT",
      "funding": {
        "url": "https://github.com/sponsors/colinhacks"
      }
    },
    "../../node_modules/.pnpm/zustand@4.5.0_@types+react@18.3.31_immer@10.2.0_react@18.3.1/node_modules/zustand": {
      "version": "4.5.0",
      "extraneous": true,
      "license": "MIT",
      "dependencies": {
        "use-sync-external-store": "1.2.0"
      },
      "engines": {
        "node": ">=12.7.0"
      },
      "peerDependencies": {
        "@types/react": ">=16.8",
        "immer": ">=9.0.6",
        "react": ">=16.8"
      },
      "peerDependenciesMeta": {
        "@types/react": {
          "optional": true
        },
        "immer": {
          "optional": true
        },
        "react": {
          "optional": true
        }
      }
    },
    "../../packages/attachment/attachment": {
      "name": "@deepseek-ai/dsh-attachment",
      "version": "0.1.0-rc.5",
      "extraneous": true,
      "license": "MIT",
      "devDependencies": {
        "@deepseek-ai/cordis": "workspace:^",
        "@deepseek-ai/dsh-brand": "workspace:^",
        "@deepseek-ai/dsh-invariants": "workspace:^"
      },
      "peerDependencies": {
        "@deepseek-ai/cordis": "workspace:^",
        "@deepseek-ai/dsh-brand": "workspace:^",
        "@deepseek-ai/dsh-invariants": "workspace:^"
      }
    },
    "../../packages/code-runtime/code-runtime": {
      "name": "@deepseek-ai/dsh-code-runtime",
      "version": "0.1.0-rc.5",
      "extraneous": true,
      "license": "MIT",
      "devDependencies": {
        "@deepseek-ai/cordis": "workspace:^",
        "@deepseek-ai/dsh-invariants": "workspace:^"
      },
      "peerDependencies": {
        "@deepseek-ai/cordis": "workspace:^",
        "@deepseek-ai/dsh-invariants": "workspace:^"
      }
    },
    "../../packages/core/agent": {
      "name": "@deepseek-ai/dsh-agent",
      "version": "0.1.0-rc.5",
      "extraneous": true,
      "license": "MIT",
      "devDependencies": {
        "@deepseek-ai/cordis": "workspace:^",
        "@deepseek-ai/dsh-invariants": "workspace:^",
        "@deepseek-ai/dsh-llm": "workspace:^",
        "@deepseek-ai/dsh-scope": "workspace:^",
        "@deepseek-ai/dsh-session": "workspace:^",
        "@deepseek-ai/dsh-system-prompt": "workspace:^",
        "@deepseek-ai/dsh-typert-protocol": "workspace:^",
        "@deepseek-ai/dsh-typert-registry": "workspace:^"
      },
      "peerDependencies": {
        "@deepseek-ai/cordis": "workspace:^",
        "@deepseek-ai/dsh-invariants": "workspace:^",
        "@deepseek-ai/dsh-llm": "workspace:^",
        "@deepseek-ai/dsh-scope": "workspace:^",
        "@deepseek-ai/dsh-session": "workspace:^",
        "@deepseek-ai/dsh-system-prompt": "workspace:^",
        "@deepseek-ai/dsh-typert-protocol": "workspace:^"
      }
    },
    "../../packages/core/agent-loop": {
      "name": "@deepseek-ai/dsh-agent-loop",
      "version": "0.1.0-rc.5",
      "extraneous": true,
      "license": "MIT",
      "dependencies": {
        "@deepseek-ai/schemastery": "workspace:^"
      },
      "devDependencies": {
        "@deepseek-ai/cordis": "workspace:^",
        "@deepseek-ai/dsh-agent": "workspace:^",
        "@deepseek-ai/dsh-invariants": "workspace:^",
        "@deepseek-ai/dsh-llm": "workspace:^",
        "@deepseek-ai/dsh-scope": "workspace:^",
        "@deepseek-ai/dsh-session": "workspace:^",
        "@deepseek-ai/dsh-session-persistence": "workspace:^",
        "@deepseek-ai/dsh-session-persistence-jsonl": "workspace:^",
        "@deepseek-ai/dsh-settings": "workspace:^",
        "@deepseek-ai/dsh-system-prompt": "workspace:^",
        "@deepseek-ai/dsh-tools": "workspace:^"
      },
      "peerDependencies": {
        "@deepseek-ai/cordis": "workspace:^",
        "@deepseek-ai/dsh-agent": "workspace:^",
        "@deepseek-ai/dsh-invariants": "workspace:^",
        "@deepseek-ai/dsh-llm": "workspace:^",
        "@deepseek-ai/dsh-scope": "workspace:^",
        "@deepseek-ai/dsh-session": "workspace:^",
        "@deepseek-ai/dsh-session-persistence": "workspace:^",
        "@deepseek-ai/dsh-settings": "workspace:^",
        "@deepseek-ai/dsh-system-prompt": "workspace:^",
        "@deepseek-ai/dsh-tools": "workspace:^"
      }
    },
    "../../packages/core/scope": {
      "name": "@deepseek-ai/dsh-scope",
      "version": "0.1.0-rc.5",
      "extraneous": true,
      "license": "MIT",
      "devDependencies": {
        "@deepseek-ai/cordis": "workspace:^",
        "@deepseek-ai/dsh-invariants": "workspace:^"
      },
      "peerDependencies": {
        "@deepseek-ai/cordis": "workspace:^",
        "@deepseek-ai/dsh-invariants": "workspace:^"
      }
    },
    "../../packages/core/session": {
      "name": "@deepseek-ai/dsh-session",
      "version": "0.1.0-rc.5",
      "extraneous": true,
      "license": "MIT",
      "devDependencies": {
        "@deepseek-ai/cordis": "workspace:^",
        "@deepseek-ai/dsh-brand": "workspace:^",
        "@deepseek-ai/dsh-invariants": "workspace:^",
        "@deepseek-ai/dsh-llm": "workspace:^",
        "@deepseek-ai/dsh-scope": "workspace:^",
        "@deepseek-ai/dsh-typert-protocol": "workspace:^",
        "@deepseek-ai/dsh-typert-registry": "workspace:^"
      },
      "peerDependencies": {
        "@deepseek-ai/cordis": "workspace:^",
        "@deepseek-ai/dsh-brand": "workspace:^",
        "@deepseek-ai/dsh-invariants": "workspace:^",
        "@deepseek-ai/dsh-llm": "workspace:^",
        "@deepseek-ai/dsh-scope": "workspace:^",
        "@deepseek-ai/dsh-typert-protocol": "workspace:^"
      }
    },
    "../../packages/core/system-prompt": {
      "name": "@deepseek-ai/dsh-system-prompt",
      "version": "0.1.0-rc.5",
      "extraneous": true,
      "license": "MIT",
      "dependencies": {
        "@deepseek-ai/schemastery": "workspace:^"
      },
      "devDependencies": {
        "@deepseek-ai/cordis": "workspace:^",
        "@deepseek-ai/dsh-invariants": "workspace:^",
        "@deepseek-ai/dsh-llm": "workspace:^",
        "@deepseek-ai/dsh-scope": "workspace:^"
      },
      "peerDependencies": {
        "@deepseek-ai/cordis": "workspace:^",
        "@deepseek-ai/dsh-invariants": "workspace:^",
        "@deepseek-ai/dsh-llm": "workspace:^",
        "@deepseek-ai/dsh-scope": "workspace:^"
      }
    },
    "../../packages/core/tools": {
      "name": "@deepseek-ai/dsh-tools",
      "version": "0.1.0-rc.5",
      "extraneous": true,
      "license": "MIT",
      "dependencies": {
        "@deepseek-ai/schemastery": "workspace:^"
      },
      "devDependencies": {
        "@deepseek-ai/cordis": "workspace:^",
        "@deepseek-ai/dsh-agent": "workspace:^",
        "@deepseek-ai/dsh-code-runtime": "workspace:^",
        "@deepseek-ai/dsh-invariants": "workspace:^",
        "@deepseek-ai/dsh-llm": "workspace:^",
        "@deepseek-ai/dsh-scope": "workspace:^",
        "@deepseek-ai/dsh-session": "workspace:^",
        "@deepseek-ai/dsh-system-prompt": "workspace:^",
        "@deepseek-ai/dsh-user-approval": "workspace:^"
      },
      "peerDependencies": {
        "@deepseek-ai/cordis": "workspace:^",
        "@deepseek-ai/dsh-agent": "workspace:^",
        "@deepseek-ai/dsh-code-runtime": "workspace:^",
        "@deepseek-ai/dsh-invariants": "workspace:^",
        "@deepseek-ai/dsh-llm": "workspace:^",
        "@deepseek-ai/dsh-scope": "workspace:^",
        "@deepseek-ai/dsh-session": "workspace:^",
        "@deepseek-ai/dsh-system-prompt": "workspace:^",
        "@deepseek-ai/dsh-user-approval": "workspace:^"
      }
    },
    "../../packages/interaction/user-approval": {
      "name": "@deepseek-ai/dsh-user-approval",
      "version": "0.1.0-rc.5",
      "extraneous": true,
      "license": "MIT",
      "dependencies": {
        "@deepseek-ai/schemastery": "workspace:^"
      },
      "devDependencies": {
        "@deepseek-ai/cordis": "workspace:^",
        "@deepseek-ai/dsh-agent": "workspace:^",
        "@deepseek-ai/dsh-brand": "workspace:^",
        "@deepseek-ai/dsh-invariants": "workspace:^",
        "@deepseek-ai/dsh-llm": "workspace:^",
        "@deepseek-ai/dsh-scope": "workspace:^",
        "@deepseek-ai/dsh-session": "workspace:^",
        "@deepseek-ai/dsh-system-prompt": "workspace:^"
      },
      "peerDependencies": {
        "@deepseek-ai/cordis": "workspace:^",
        "@deepseek-ai/dsh-agent": "workspace:^",
        "@deepseek-ai/dsh-brand": "workspace:^",
        "@deepseek-ai/dsh-invariants": "workspace:^",
        "@deepseek-ai/dsh-llm": "workspace:^",
        "@deepseek-ai/dsh-scope": "workspace:^",
        "@deepseek-ai/dsh-session": "workspace:^",
        "@deepseek-ai/dsh-system-prompt": "workspace:^"
      }
    },
    "../../packages/jobs/jobs": {
      "name": "@deepseek-ai/dsh-jobs",
      "version": "0.1.0-rc.5",
      "extraneous": true,
      "license": "MIT",
      "devDependencies": {
        "@deepseek-ai/cordis": "workspace:^",
        "@deepseek-ai/dsh-agent": "workspace:^",
        "@deepseek-ai/dsh-brand": "workspace:^",
        "@deepseek-ai/dsh-invariants": "workspace:^",
        "@deepseek-ai/dsh-session": "workspace:^"
      },
      "peerDependencies": {
        "@deepseek-ai/cordis": "workspace:^",
        "@deepseek-ai/dsh-agent": "workspace:^",
        "@deepseek-ai/dsh-brand": "workspace:^",
        "@deepseek-ai/dsh-invariants": "workspace:^",
        "@deepseek-ai/dsh-session": "workspace:^"
      }
    },
    "../../packages/llm/llm": {
      "name": "@deepseek-ai/dsh-llm",
      "version": "0.1.0-rc.5",
      "extraneous": true,
      "license": "MIT",
      "dependencies": {
        "@deepseek-ai/schemastery": "workspace:^"
      },
      "devDependencies": {
        "@deepseek-ai/cordis": "workspace:^",
        "@deepseek-ai/dsh-attachment": "workspace:^",
        "@deepseek-ai/dsh-brand": "workspace:^",
        "@deepseek-ai/dsh-invariants": "workspace:^",
        "@deepseek-ai/dsh-timeout": "workspace:^"
      },
      "peerDependencies": {
        "@deepseek-ai/cordis": "workspace:^",
        "@deepseek-ai/dsh-attachment": "workspace:^",
        "@deepseek-ai/dsh-brand": "workspace:^",
        "@deepseek-ai/dsh-invariants": "workspace:^",
        "@deepseek-ai/dsh-timeout": "workspace:^"
      }
    },
    "../../packages/preset/agent-presets": {
      "name": "@deepseek-ai/dsh-agent-presets",
      "version": "0.1.0-rc.5",
      "extraneous": true,
      "license": "MIT",
      "dependencies": {
        "@deepseek-ai/schemastery": "workspace:^",
        "js-yaml": "^4.1.0"
      },
      "devDependencies": {
        "@deepseek-ai/cordis": "workspace:^",
        "@deepseek-ai/cordis-plugin-include": "workspace:^",
        "@deepseek-ai/cordis-plugin-loader": "workspace:^",
        "@deepseek-ai/dsh-agent": "workspace:^",
        "@deepseek-ai/dsh-agent-loop": "workspace:^",
        "@deepseek-ai/dsh-atomic-write": "workspace:^",
        "@deepseek-ai/dsh-home-paths": "workspace:^",
        "@deepseek-ai/dsh-invariants": "workspace:^",
        "@deepseek-ai/dsh-llm": "workspace:^",
        "@deepseek-ai/dsh-scope": "workspace:^",
        "@deepseek-ai/dsh-session": "workspace:^",
        "@deepseek-ai/dsh-settings": "workspace:^",
        "@deepseek-ai/dsh-settings-file": "workspace:^",
        "@deepseek-ai/dsh-system-prompt": "workspace:^",
        "@deepseek-ai/dsh-tools": "workspace:^"
      },
      "peerDependencies": {
        "@deepseek-ai/cordis": "workspace:^",
        "@deepseek-ai/cordis-plugin-include": "workspace:^",
        "@deepseek-ai/cordis-plugin-loader": "workspace:^",
        "@deepseek-ai/dsh-agent": "workspace:^",
        "@deepseek-ai/dsh-atomic-write": "workspace:^",
        "@deepseek-ai/dsh-home-paths": "workspace:^",
        "@deepseek-ai/dsh-invariants": "workspace:^",
        "@deepseek-ai/dsh-scope": "workspace:^",
        "@deepseek-ai/dsh-session": "workspace:^",
        "@deepseek-ai/dsh-settings": "workspace:^",
        "@deepseek-ai/dsh-system-prompt": "workspace:^"
      }
    },
    "../../packages/runtime-diagnostics/invariants": {
      "name": "@deepseek-ai/dsh-invariants",
      "version": "0.1.0-rc.5",
      "extraneous": true,
      "license": "MIT",
      "dependencies": {
        "@deepseek-ai/schemastery": "workspace:^"
      },
      "devDependencies": {
        "@deepseek-ai/cordis": "workspace:^"
      },
      "peerDependencies": {
        "@deepseek-ai/cordis": "workspace:^"
      }
    },
    "../../packages/sandbox/sandbox": {
      "name": "@deepseek-ai/dsh-sandbox",
      "version": "0.1.0-rc.5",
      "extraneous": true,
      "license": "MIT",
      "devDependencies": {
        "@deepseek-ai/cordis": "workspace:^",
        "@deepseek-ai/dsh-invariants": "workspace:^",
        "@deepseek-ai/dsh-llm": "workspace:^",
        "@deepseek-ai/dsh-session": "workspace:^"
      },
      "peerDependencies": {
        "@deepseek-ai/cordis": "workspace:^",
        "@deepseek-ai/dsh-invariants": "workspace:^",
        "@deepseek-ai/dsh-llm": "workspace:^",
        "@deepseek-ai/dsh-session": "workspace:^"
      }
    },
    "../../packages/sandbox/sandbox-policy": {
      "name": "@deepseek-ai/dsh-sandbox-policy",
      "version": "0.1.0-rc.5",
      "extraneous": true,
      "license": "MIT",
      "dependencies": {
        "@deepseek-ai/schemastery": "workspace:^"
      },
      "devDependencies": {
        "@deepseek-ai/cordis": "workspace:^",
        "@deepseek-ai/dsh-agent": "workspace:^",
        "@deepseek-ai/dsh-invariants": "workspace:^",
        "@deepseek-ai/dsh-sandbox": "workspace:^",
        "@deepseek-ai/dsh-session": "workspace:^",
        "@deepseek-ai/dsh-system-prompt": "workspace:^"
      },
      "peerDependencies": {
        "@deepseek-ai/cordis": "workspace:^",
        "@deepseek-ai/dsh-agent": "workspace:^",
        "@deepseek-ai/dsh-invariants": "workspace:^",
        "@deepseek-ai/dsh-sandbox": "workspace:^",
        "@deepseek-ai/dsh-session": "workspace:^",
        "@deepseek-ai/dsh-system-prompt": "workspace:^"
      }
    },
    "../../packages/sdk/client": {
      "name": "@deepseek-ai/dsh-sdk-client",
      "version": "0.1.0-rc.5",
      "extraneous": true,
      "license": "MIT",
      "devDependencies": {
        "@deepseek-ai/cordis": "workspace:^",
        "@deepseek-ai/dsh-invariants": "workspace:^",
        "@deepseek-ai/dsh-llm": "workspace:^",
        "@deepseek-ai/dsh-sdk-protocol": "workspace:^",
        "@deepseek-ai/dsh-session": "workspace:^"
      },
      "peerDependencies": {
        "@deepseek-ai/cordis": "workspace:^",
        "@deepseek-ai/dsh-invariants": "workspace:^",
        "@deepseek-ai/dsh-llm": "workspace:^",
        "@deepseek-ai/dsh-sdk-protocol": "workspace:^",
        "@deepseek-ai/dsh-session": "workspace:^"
      }
    },
    "../../packages/sdk/protocol": {
      "name": "@deepseek-ai/dsh-sdk-protocol",
      "version": "0.1.0-rc.5",
      "extraneous": true,
      "license": "MIT",
      "devDependencies": {
        "@deepseek-ai/cordis": "workspace:^",
        "@deepseek-ai/dsh-invariants": "workspace:^",
        "@deepseek-ai/dsh-llm": "workspace:^",
        "@deepseek-ai/dsh-session": "workspace:^",
        "@deepseek-ai/dsh-subagent": "workspace:^"
      },
      "peerDependencies": {
        "@deepseek-ai/cordis": "workspace:^",
        "@deepseek-ai/dsh-invariants": "workspace:^",
        "@deepseek-ai/dsh-llm": "workspace:^",
        "@deepseek-ai/dsh-session": "workspace:^",
        "@deepseek-ai/dsh-subagent": "workspace:^"
      }
    },
    "../../packages/session/session-persistence": {
      "name": "@deepseek-ai/dsh-session-persistence",
      "version": "0.1.0-rc.5",
      "extraneous": true,
      "license": "MIT",
      "devDependencies": {
        "@deepseek-ai/cordis": "workspace:^",
        "@deepseek-ai/dsh-brand": "workspace:^",
        "@deepseek-ai/dsh-invariants": "workspace:^",
        "@deepseek-ai/dsh-scope": "workspace:^",
        "@deepseek-ai/dsh-session": "workspace:^",
        "@deepseek-ai/dsh-timeout": "workspace:^"
      },
      "peerDependencies": {
        "@deepseek-ai/cordis": "workspace:^",
        "@deepseek-ai/dsh-brand": "workspace:^",
        "@deepseek-ai/dsh-invariants": "workspace:^",
        "@deepseek-ai/dsh-session": "workspace:^",
        "@deepseek-ai/dsh-timeout": "workspace:^"
      }
    },
    "../../packages/session/session-persistence-jsonl": {
      "name": "@deepseek-ai/dsh-session-persistence-jsonl",
      "version": "0.1.0-rc.5",
      "extraneous": true,
      "license": "MIT",
      "dependencies": {
        "@deepseek-ai/schemastery": "workspace:^",
        "koffi": "^3.1.0"
      },
      "devDependencies": {
        "@deepseek-ai/cordis": "workspace:^",
        "@deepseek-ai/dsh-invariants": "workspace:^",
        "@deepseek-ai/dsh-session": "workspace:^",
        "@deepseek-ai/dsh-session-persistence": "workspace:^"
      },
      "peerDependencies": {
        "@deepseek-ai/cordis": "workspace:^",
        "@deepseek-ai/dsh-invariants": "workspace:^",
        "@deepseek-ai/dsh-session": "workspace:^",
        "@deepseek-ai/dsh-session-persistence": "workspace:^"
      }
    },
    "../../packages/session/session-projection": {
      "name": "@deepseek-ai/dsh-session-projection",
      "version": "0.1.0-rc.5",
      "extraneous": true,
      "license": "MIT",
      "dependencies": {
        "zod": "^4.4.3"
      },
      "devDependencies": {
        "@deepseek-ai/cordis": "workspace:^",
        "@deepseek-ai/dsh-invariants": "workspace:^",
        "@deepseek-ai/dsh-session": "workspace:^"
      },
      "peerDependencies": {
        "@deepseek-ai/cordis": "workspace:^",
        "@deepseek-ai/dsh-invariants": "workspace:^",
        "@deepseek-ai/dsh-session": "workspace:^"
      }
    },
    "../../packages/session/session-projection-cache": {
      "name": "@deepseek-ai/dsh-session-projection-cache",
      "version": "0.1.0-rc.5",
      "extraneous": true,
      "license": "MIT",
      "dependencies": {
        "@deepseek-ai/schemastery": "workspace:^",
        "zod": "^4.4.3"
      },
      "devDependencies": {
        "@deepseek-ai/cordis": "workspace:^",
        "@deepseek-ai/dsh-invariants": "workspace:^",
        "@deepseek-ai/dsh-session": "workspace:^",
        "@deepseek-ai/dsh-session-persistence": "workspace:^",
        "@deepseek-ai/dsh-session-projection": "workspace:^",
        "@deepseek-ai/dsh-storage": "workspace:^",
        "@deepseek-ai/dsh-storage-domain": "workspace:^"
      },
      "peerDependencies": {
        "@deepseek-ai/cordis": "workspace:^",
        "@deepseek-ai/dsh-invariants": "workspace:^",
        "@deepseek-ai/dsh-session": "workspace:^",
        "@deepseek-ai/dsh-session-persistence": "workspace:^",
        "@deepseek-ai/dsh-session-projection": "workspace:^",
        "@deepseek-ai/dsh-storage-domain": "workspace:^"
      }
    },
    "../../packages/settings/settings": {
      "name": "@deepseek-ai/dsh-settings",
      "version": "0.1.0-rc.5",
      "extraneous": true,
      "license": "MIT",
      "devDependencies": {
        "@deepseek-ai/cordis": "workspace:^",
        "@deepseek-ai/dsh-brand": "workspace:^",
        "@deepseek-ai/dsh-invariants": "workspace:^",
        "@deepseek-ai/schemastery": "workspace:^"
      },
      "peerDependencies": {
        "@deepseek-ai/cordis": "workspace:^",
        "@deepseek-ai/dsh-brand": "workspace:^",
        "@deepseek-ai/dsh-invariants": "workspace:^",
        "@deepseek-ai/schemastery": "workspace:^"
      }
    },
    "../../packages/settings/settings-file": {
      "name": "@deepseek-ai/dsh-settings-file",
      "version": "0.1.0-rc.5",
      "extraneous": true,
      "license": "MIT",
      "dependencies": {
        "@deepseek-ai/schemastery": "workspace:^",
        "chokidar": "^4.0.3",
        "yaml": "^2.9.0"
      },
      "devDependencies": {
        "@deepseek-ai/cordis": "workspace:^",
        "@deepseek-ai/dsh-atomic-write": "workspace:^",
        "@deepseek-ai/dsh-home-paths": "workspace:^",
        "@deepseek-ai/dsh-invariants": "workspace:^",
        "@deepseek-ai/dsh-settings": "workspace:^"
      },
      "peerDependencies": {
        "@deepseek-ai/cordis": "workspace:^",
        "@deepseek-ai/dsh-atomic-write": "workspace:^",
        "@deepseek-ai/dsh-home-paths": "workspace:^",
        "@deepseek-ai/dsh-invariants": "workspace:^",
        "@deepseek-ai/dsh-settings": "workspace:^"
      }
    },
    "../../packages/storage/storage": {
      "name": "@deepseek-ai/dsh-storage",
      "version": "0.1.0-rc.5",
      "extraneous": true,
      "license": "MIT",
      "devDependencies": {
        "@deepseek-ai/cordis": "workspace:^",
        "@deepseek-ai/dsh-invariants": "workspace:^"
      },
      "peerDependencies": {
        "@deepseek-ai/cordis": "workspace:^",
        "@deepseek-ai/dsh-invariants": "workspace:^"
      }
    },
    "../../packages/storage/storage-domain": {
      "name": "@deepseek-ai/dsh-storage-domain",
      "version": "0.1.0-rc.5",
      "extraneous": true,
      "license": "MIT",
      "dependencies": {
        "@deepseek-ai/schemastery": "workspace:^",
        "zod": "^4.4.3"
      },
      "devDependencies": {
        "@deepseek-ai/cordis": "workspace:^",
        "@deepseek-ai/dsh-invariants": "workspace:^",
        "@deepseek-ai/dsh-storage": "workspace:^"
      },
      "peerDependencies": {
        "@deepseek-ai/cordis": "workspace:^",
        "@deepseek-ai/dsh-invariants": "workspace:^",
        "@deepseek-ai/dsh-storage": "workspace:^"
      }
    },
    "../../packages/subagent/subagent": {
      "name": "@deepseek-ai/dsh-subagent",
      "version": "0.1.0-rc.5",
      "extraneous": true,
      "license": "MIT",
      "dependencies": {
        "zod": "^4.4.3"
      },
      "devDependencies": {
        "@deepseek-ai/cordis": "workspace:^",
        "@deepseek-ai/dsh-agent": "workspace:^",
        "@deepseek-ai/dsh-agent-presets": "workspace:^",
        "@deepseek-ai/dsh-brand": "workspace:^",
        "@deepseek-ai/dsh-invariants": "workspace:^",
        "@deepseek-ai/dsh-jobs": "workspace:^",
        "@deepseek-ai/dsh-llm": "workspace:^",
        "@deepseek-ai/dsh-sandbox": "workspace:^",
        "@deepseek-ai/dsh-sandbox-policy": "workspace:^",
        "@deepseek-ai/dsh-scope": "workspace:^",
        "@deepseek-ai/dsh-session": "workspace:^",
        "@deepseek-ai/dsh-session-persistence": "workspace:^",
        "@deepseek-ai/dsh-session-projection": "workspace:^",
        "@deepseek-ai/dsh-session-projection-cache": "workspace:^",
        "@deepseek-ai/dsh-storage": "workspace:^",
        "@deepseek-ai/dsh-storage-domain": "workspace:^",
        "@deepseek-ai/dsh-tools": "workspace:^",
        "@deepseek-ai/dsh-user-approval": "workspace:^"
      },
      "peerDependencies": {
        "@deepseek-ai/cordis": "workspace:^",
        "@deepseek-ai/dsh-agent": "workspace:^",
        "@deepseek-ai/dsh-agent-presets": "workspace:^",
        "@deepseek-ai/dsh-brand": "workspace:^",
        "@deepseek-ai/dsh-invariants": "workspace:^",
        "@deepseek-ai/dsh-jobs": "workspace:^",
        "@deepseek-ai/dsh-llm": "workspace:^",
        "@deepseek-ai/dsh-sandbox": "workspace:^",
        "@deepseek-ai/dsh-sandbox-policy": "workspace:^",
        "@deepseek-ai/dsh-scope": "workspace:^",
        "@deepseek-ai/dsh-session": "workspace:^",
        "@deepseek-ai/dsh-session-persistence": "workspace:^",
        "@deepseek-ai/dsh-session-projection": "workspace:^",
        "@deepseek-ai/dsh-session-projection-cache": "workspace:^",
        "@deepseek-ai/dsh-tools": "workspace:^",
        "@deepseek-ai/dsh-user-approval": "workspace:^"
      },
      "peerDependenciesMeta": {
        "@deepseek-ai/dsh-agent-presets": {
          "optional": true
        },
        "@deepseek-ai/dsh-jobs": {
          "optional": true
        },
        "@deepseek-ai/dsh-sandbox": {
          "optional": true
        },
        "@deepseek-ai/dsh-sandbox-policy": {
          "optional": true
        },
        "@deepseek-ai/dsh-session-persistence": {
          "optional": true
        },
        "@deepseek-ai/dsh-session-projection": {
          "optional": true
        },
        "@deepseek-ai/dsh-session-projection-cache": {
          "optional": true
        },
        "@deepseek-ai/dsh-user-approval": {
          "optional": true
        }
      }
    },
    "../../packages/typert/protocol": {
      "name": "@deepseek-ai/dsh-typert-protocol",
      "version": "0.1.0-rc.5",
      "extraneous": true,
      "license": "MIT",
      "devDependencies": {
        "@deepseek-ai/cordis": "workspace:^",
        "@deepseek-ai/dsh-invariants": "workspace:^"
      },
      "peerDependencies": {
        "@deepseek-ai/cordis": "workspace:^",
        "@deepseek-ai/dsh-invariants": "workspace:^"
      }
    },
    "../../packages/typert/registry": {
      "name": "@deepseek-ai/dsh-typert-registry",
      "version": "0.1.0-rc.5",
      "extraneous": true,
      "license": "MIT",
      "dependencies": {
        "@deepseek-ai/dsh-typert-protocol": "workspace:^",
        "zod": "^4.4.3"
      },
      "devDependencies": {
        "@deepseek-ai/cordis": "workspace:^",
        "@deepseek-ai/dsh-invariants": "workspace:^"
      },
      "peerDependencies": {
        "@deepseek-ai/cordis": "workspace:^",
        "@deepseek-ai/dsh-invariants": "workspace:^"
      }
    },
    "../../packages/util/atomic-write": {
      "name": "@deepseek-ai/dsh-atomic-write",
      "version": "0.1.0-rc.5",
      "extraneous": true,
      "license": "MIT",
      "devDependencies": {
        "@deepseek-ai/cordis": "workspace:^",
        "@deepseek-ai/dsh-invariants": "workspace:^"
      },
      "peerDependencies": {
        "@deepseek-ai/cordis": "workspace:^",
        "@deepseek-ai/dsh-invariants": "workspace:^"
      }
    },
    "../../packages/util/brand": {
      "name": "@deepseek-ai/dsh-brand",
      "version": "0.1.0-rc.5",
      "extraneous": true,
      "license": "MIT",
      "devDependencies": {
        "@deepseek-ai/cordis": "workspace:^",
        "@deepseek-ai/dsh-invariants": "workspace:^"
      },
      "peerDependencies": {
        "@deepseek-ai/cordis": "workspace:^",
        "@deepseek-ai/dsh-invariants": "workspace:^"
      }
    },
    "../../packages/util/home-paths": {
      "name": "@deepseek-ai/dsh-home-paths",
      "version": "0.1.0-rc.5",
      "extraneous": true,
      "license": "MIT",
      "devDependencies": {
        "@deepseek-ai/cordis": "workspace:^",
        "@deepseek-ai/dsh-invariants": "workspace:^"
      },
      "peerDependencies": {
        "@deepseek-ai/cordis": "workspace:^",
        "@deepseek-ai/dsh-invariants": "workspace:^"
      }
    },
    "../../packages/util/timeout": {
      "name": "@deepseek-ai/dsh-timeout",
      "version": "0.1.0-rc.5",
      "extraneous": true,
      "license": "MIT",
      "devDependencies": {
        "@deepseek-ai/cordis": "workspace:^",
        "@deepseek-ai/dsh-invariants": "workspace:^"
      },
      "peerDependencies": {
        "@deepseek-ai/cordis": "workspace:^",
        "@deepseek-ai/dsh-invariants": "workspace:^"
      }
    },
    "../../vendor/cordis": {
      "name": "@deepseek-ai/cordis",
      "version": "4.0.1",
      "extraneous": true,
      "license": "MIT",
      "dependencies": {
        "@deepseek-ai/cosmokit": "workspace:^",
        "@standard-schema/spec": "^1.1.0"
      },
      "bin": {
        "cordis": "bin.js"
      },
      "peerDependencies": {
        "@deepseek-ai/cordis-plugin-include": "workspace:^",
        "@deepseek-ai/cordis-plugin-loader": "workspace:^"
      },
      "peerDependenciesMeta": {
        "@deepseek-ai/cordis-plugin-include": {
          "optional": true
        },
        "@deepseek-ai/cordis-plugin-loader": {
          "optional": true
        }
      }
    },
    "../../vendor/cosmokit": {
      "name": "@deepseek-ai/cosmokit",
      "version": "1.8.2",
      "extraneous": true,
      "license": "MIT"
    },
    "../../vendor/include": {
      "name": "@deepseek-ai/cordis-plugin-include",
      "version": "1.0.6",
      "extraneous": true,
      "license": "MIT",
      "dependencies": {
        "@deepseek-ai/cosmokit": "workspace:^",
        "js-yaml": "^4.1.0"
      },
      "peerDependencies": {
        "@deepseek-ai/cordis": "workspace:^",
        "@deepseek-ai/cordis-plugin-loader": "workspace:^"
      }
    },
    "../../vendor/loader": {
      "name": "@deepseek-ai/cordis-plugin-loader",
      "version": "1.0.2",
      "extraneous": true,
      "license": "MIT",
      "dependencies": {
        "@deepseek-ai/cosmokit": "workspace:^"
      },
      "peerDependencies": {
        "@deepseek-ai/cordis": "workspace:^",
        "node-addon-require-builtin": "^0.1.4"
      },
      "peerDependenciesMeta": {
        "node-addon-require-builtin": {
          "optional": true
        }
      }
    },
    "../../vendor/schemastery": {
      "name": "@deepseek-ai/schemastery",
      "version": "3.18.1",
      "extraneous": true,
      "license": "MIT",
      "dependencies": {
        "@deepseek-ai/cosmokit": "workspace:^",
        "@standard-schema/spec": "^1.1.0"
      }
    },
    "node_modules/electron": {
      "resolved": "../../node_modules/.pnpm/electron@33.2.0/node_modules/electron",
      "link": true
    },
    "node_modules/electron-builder": {
      "resolved": "../../node_modules/.pnpm/electron-builder@25.1.0_ele_118d6bf811259133b65dacdd7a1bbff3/node_modules/electron-builder",
      "link": true
    },
    "node_modules/react": {
      "resolved": "../../node_modules/.pnpm/react@18.3.1/node_modules/react",
      "link": true
    },
    "node_modules/react-dom": {
      "resolved": "../../node_modules/.pnpm/react-dom@18.3.1_react@18.3.1/node_modules/react-dom",
      "link": true
    },
    "node_modules/react-markdown": {
      "resolved": "../../node_modules/.pnpm/react-markdown@9.1.0_@types+react@18.3.31_react@18.3.1/node_modules/react-markdown",
      "link": true
    },
    "node_modules/remark-gfm": {
      "resolved": "../../node_modules/.pnpm/remark-gfm@4.0.1/node_modules/remark-gfm",
      "link": true
    },
    "node_modules/typescript": {
      "resolved": "../../node_modules/.pnpm/typescript@6.0.3/node_modules/typescript",
      "link": true
    }
  }
}
